// !$*UTF8*$!
{
	archiveVersion = 1;
	classes = {
	};
	objectVersion = 55;
	objects = {

/* Begin PBXBuildFile section */
		1704BB2AE64F40B8220327A3 /* Pods_Reels.framework in Frameworks */ = {isa = PBXBuildFile; fileRef = F557D602BC6ADAFFB4D994C9 /* Pods_Reels.framework */; };
		E16D21B42BA9FE7500CF1BAF /* AppDelegate.swift in Sources */ = {isa = PBXBuildFile; fileRef = E16D21B32BA9FE7500CF1BAF /* AppDelegate.swift */; };
		E16D21B62BA9FE7500CF1BAF /* SceneDelegate.swift in Sources */ = {isa = PBXBuildFile; fileRef = E16D21B52BA9FE7500CF1BAF /* SceneDelegate.swift */; };
		E16D21B82BA9FE7500CF1BAF /* ViewController.swift in Sources */ = {isa = PBXBuildFile; fileRef = E16D21B72BA9FE7500CF1BAF /* ViewController.swift */; };
		E16D21BB2BA9FE7500CF1BAF /* Main.storyboard in Resources */ = {isa = PBXBuildFile; fileRef = E16D21B92BA9FE7500CF1BAF /* Main.storyboard */; };
		E16D21BD2BA9FE7600CF1BAF /* Assets.xcassets in Resources */ = {isa = PBXBuildFile; fileRef = E16D21BC2BA9FE7600CF1BAF /* Assets.xcassets */; };
		E16D21C02BA9FE7600CF1BAF /* LaunchScreen.storyboard in Resources */ = {isa = PBXBuildFile; fileRef = E16D21BE2BA9FE7600CF1BAF /* LaunchScreen.storyboard */; };
		E16D21C82BAA002200CF1BAF /* Model.swift in Sources */ = {isa = PBXBuildFile; fileRef = E16D21C72BAA002200CF1BAF /* Model.swift */; };
		E16D21CA2BAA002900CF1BAF /* myData.json in Resources */ = {isa = PBXBuildFile; fileRef = E16D21C92BAA002900CF1BAF /* myData.json */; };
		E16D21CC2BAA042100CF1BAF /* CollectionViewCell.swift in Sources */ = {isa = PBXBuildFile; fileRef = E16D21CB2BAA042100CF1BAF /* CollectionViewCell.swift */; };
/* End PBXBuildFile section */

/* Begin PBXFileReference section */
		AA44D0B1C55855F16ADE412C /* Pods-Reels.release.xcconfig */ = {isa = PBXFileReference; includeInIndex = 1; lastKnownFileType = text.xcconfig; name = "Pods-Reels.release.xcconfig"; path = "Target Support Files/Pods-Reels/Pods-Reels.release.xcconfig"; sourceTree = "<group>"; };
		BEDC5BC97BDF5ED480AE3880 /* Pods-Reels.debug.xcconfig */ = {isa = PBXFileReference; includeInIndex = 1; lastKnownFileType = text.xcconfig; name = "Pods-Reels.debug.xcconfig"; path = "Target Support Files/Pods-Reels/Pods-Reels.debug.xcconfig"; sourceTree = "<group>"; };
		E16D21B02BA9FE7500CF1BAF /* Reels.app */ = {isa = PBXFileReference; explicitFileType = wrapper.application; includeInIndex = 0; path = Reels.app; sourceTree = BUILT_PRODUCTS_DIR; };
		E16D21B32BA9FE7500CF1BAF /* AppDelegate.swift */ = {isa = PBXFileReference; lastKnownFileType = sourcecode.swift; path = AppDelegate.swift; sourceTree = "<group>"; };
		E16D21B52BA9FE7500CF1BAF /* SceneDelegate.swift */ = {isa = PBXFileReference; lastKnownFileType = sourcecode.swift; path = SceneDelegate.swift; sourceTree = "<group>"; };
		E16D21B72BA9FE7500CF1BAF /* ViewController.swift */ = {isa = PBXFileReference; lastKnownFileType = sourcecode.swift; path = ViewController.swift; sourceTree = "<group>"; };
		E16D21BA2BA9FE7500CF1BAF /* Base */ = {isa = PBXFileReference; lastKnownFileType = file.storyboard; name = Base; path = Base.lproj/Main.storyboard; sourceTree = "<group>"; };
		E16D21BC2BA9FE7600CF1BAF /* Assets.xcassets */ = {isa = PBXFileReference; lastKnownFileType = folder.assetcatalog; path = Assets.xcassets; sourceTree = "<group>"; };
		E16D21BF2BA9FE7600CF1BAF /* Base */ = {isa = PBXFileReference; lastKnownFileType = file.storyboard; name = Base; path = Base.lproj/LaunchScreen.storyboard; sourceTree = "<group>"; };
		E16D21C12BA9FE7600CF1BAF /* Info.plist */ = {isa = PBXFileReference; lastKnownFileType = text.plist.xml; path = Info.plist; sourceTree = "<group>"; };
		E16D21C72BAA002200CF1BAF /* Model.swift */ = {isa = PBXFileReference; fileEncoding = 4; lastKnownFileType = sourcecode.swift; path = Model.swift; sourceTree = "<group>"; };
		E16D21C92BAA002900CF1BAF /* myData.json */ = {isa = PBXFileReference; fileEncoding = 4; lastKnownFileType = text.json; path = myData.json; sourceTree = "<group>"; };
		E16D21CB2BAA042100CF1BAF /* CollectionViewCell.swift */ = {isa = PBXFileReference; lastKnownFileType = sourcecode.swift; path = CollectionViewCell.swift; sourceTree = "<group>"; };
		F557D602BC6ADAFFB4D994C9 /* Pods_Reels.framework */ = {isa = PBXFileReference; explicitFileType = wrapper.framework; includeInIndex = 0; path = Pods_Reels.framework; sourceTree = BUILT_PRODUCTS_DIR; };
/* End PBXFileReference section */

/* Begin PBXFrameworksBuildPhase section */
		E16D21AD2BA9FE7500CF1BAF /* Frameworks */ = {
			isa = PBXFrameworksBuildPhase;
			buildActionMask = 2147483647;
			files = (
				1704BB2AE64F40B8220327A3 /* Pods_Reels.framework in Frameworks */,
			);
			runOnlyForDeploymentPostprocessing = 0;
		};
/* End PBXFrameworksBuildPhase section */

/* Begin PBXGroup section */
		4A3EB50A35FF4F9EF3D6E7E7 /* Pods */ = {
			isa = PBXGroup;
			children = (
				BEDC5BC97BDF5ED480AE3880 /* Pods-Reels.debug.xcconfig */,
				AA44D0B1C55855F16ADE412C /* Pods-Reels.release.xcconfig */,
			);
			path = Pods;
			sourceTree = "<group>";
		};
		E16D21A72BA9FE7500CF1BAF = {
			isa = PBXGroup;
			children = (
				E16D21B22BA9FE7500CF1BAF /* Reels */,
				E16D21B12BA9FE7500CF1BAF /* Products */,
				4A3EB50A35FF4F9EF3D6E7E7 /* Pods */,
				F22915972A0FB055633C1E00 /* Frameworks */,
			);
			sourceTree = "<group>";
		};
		E16D21B12BA9FE7500CF1BAF /* Products */ = {
			isa = PBXGroup;
			children = (
				E16D21B02BA9FE7500CF1BAF /* Reels.app */,
			);
			name = Products;
			sourceTree = "<group>";
		};
		E16D21B22BA9FE7500CF1BAF /* Reels */ = {
			isa = PBXGroup;
			children = (
				E16D21B32BA9FE7500CF1BAF /* AppDelegate.swift */,
				E16D21B52BA9FE7500CF1BAF /* SceneDelegate.swift */,
				E16D21B72BA9FE7500CF1BAF /* ViewController.swift */,
				E16D21CB2BAA042100CF1BAF /* CollectionViewCell.swift */,
				E16D21B92BA9FE7500CF1BAF /* Main.storyboard */,
				E16D21BC2BA9FE7600CF1BAF /* Assets.xcassets */,
				E16D21BE2BA9FE7600CF1BAF /* LaunchScreen.storyboard */,
				E16D21C12BA9FE7600CF1BAF /* Info.plist */,
				E16D21C72BAA002200CF1BAF /* Model.swift */,
				E16D21C92BAA002900CF1BAF /* myData.json */,
			);
			path = Reels;
			sourceTree = "<group>";
		};
		F22915972A0FB055633C1E00 /* Frameworks */ = {
			isa = PBXGroup;
			children = (
				F557D602BC6ADAFFB4D994C9 /* Pods_Reels.framework */,
			);
			name = Frameworks;
			sourceTree = "<group>";
		};
/* End PBXGroup section */

/* Begin PBXNativeTarget section */
		E16D21AF2BA9FE7500CF1BAF /* Reels */ = {
			isa = PBXNativeTarget;
			buildConfigurationList = E16D21C42BA9FE7600CF1BAF /* Build configuration list for PBXNativeTarget "Reels" */;
			buildPhases = (
				0ED3C1206FC63B928DF89A21 /* [CP] Check Pods Manifest.lock */,
				E16D21AC2BA9FE7500CF1BAF /* Sources */,
				E16D21AD2BA9FE7500CF1BAF /* Frameworks */,
				E16D21AE2BA9FE7500CF1BAF /* Resources */,
				BE36D5CF6B2ED45FFC1CB727 /* [CP] Embed Pods Frameworks */,
			);
			buildRules = (
			);
			dependencies = (
			);
			name = Reels;
			productName = Reels;
			productReference = E16D21B02BA9FE7500CF1BAF /* Reels.app */;
			productType = "com.apple.product-type.application";
		};
/* End PBXNativeTarget section */

/* Begin PBXProject section */
		E16D21A82BA9FE7500CF1BAF /* Project object */ = {
			isa = PBXProject;
			attributes = {
				BuildIndependentTargetsInParallel = 1;
				LastSwiftUpdateCheck = 1510;
				LastUpgradeCheck = 1510;
				TargetAttributes = {
					E16D21AF2BA9FE7500CF1BAF = {
						CreatedOnToolsVersion = 15.1;
					};
				};
			};
			buildConfigurationList = E16D21AB2BA9FE7500CF1BAF /* Build configuration list for PBXProject "Reels" */;
			compatibilityVersion = "Xcode 13.0";
			developmentRegion = en;
			hasScannedForEncodings = 0;
			knownRegions = (
				en,
				Base,
			);
			mainGroup = E16D21A72BA9FE7500CF1BAF;
			productRefGroup = E16D21B12BA9FE7500CF1BAF /* Products */;
			projectDirPath = "";
			projectRoot = "";
			targets = (
				E16D21AF2BA9FE7500CF1BAF /* Reels */,
			);
		};
/* End PBXProject section */

/* Begin PBXResourcesBuildPhase section */
		E16D21AE2BA9FE7500CF1BAF /* Resources */ = {
			isa = PBXResourcesBuildPhase;
			buildActionMask = 2147483647;
			files = (
				E16D21C02BA9FE7600CF1BAF /* LaunchScreen.storyboard in Resources */,
				E16D21BD2BA9FE7600CF1BAF /* Assets.xcassets in Resources */,
				E16D21BB2BA9FE7500CF1BAF /* Main.storyboard in Resources */,
				E16D21CA2BAA002900CF1BAF /* myData.json in Resources */,
			);
			runOnlyForDeploymentPostprocessing = 0;
		};
/* End PBXResourcesBuildPhase section */

/* Begin PBXShellScriptBuildPhase section */
		0ED3C1206FC63B928DF89A21 /* [CP] Check Pods Manifest.lock */ = {
			isa = PBXShellScriptBuildPhase;
			buildActionMask = 2147483647;
			files = (
			);
			inputFileListPaths = (
			);
			inputPaths = (
				"${PODS_PODFILE_DIR_PATH}/Podfile.lock",
				"${PODS_ROOT}/Manifest.lock",
			);
			name = "[CP] Check Pods Manifest.lock";
			outputFileListPaths = (
			);
			outputPaths = (
				"$(DERIVED_FILE_DIR)/Pods-Reels-checkManifestLockResult.txt",
			);
			runOnlyForDeploymentPostprocessing = 0;
			shellPath = /bin/sh;
			shellScript = "diff \"${PODS_PODFILE_DIR_PATH}/Podfile.lock\" \"${PODS_ROOT}/Manifest.lock\" > /dev/null\nif [ $? != 0 ] ; then\n    # print error to STDERR\n    echo \"error: The sandbox is not in sync with the Podfile.lock. Run 'pod install' or update your CocoaPods installation.\" >&2\n    exit 1\nfi\n# This output is used by Xcode 'outputs' to avoid re-running this script phase.\necho \"SUCCESS\" > \"${SCRIPT_OUTPUT_FILE_0}\"\n";
			showEnvVarsInLog = 0;
		};
		BE36D5CF6B2ED45FFC1CB727 /* [CP] Embed Pods Frameworks */ = {
			isa = PBXShellScriptBuildPhase;
			buildActionMask = 2147483647;
			files = (
			);
			inputFileListPaths = (
				"${PODS_ROOT}/Target Support Files/Pods-Reels/Pods-Reels-frameworks-${CONFIGURATION}-input-files.xcfilelist",
			);
			name = "[CP] Embed Pods Frameworks";
			outputFileListPaths = (
				"${PODS_ROOT}/Target Support Files/Pods-Reels/Pods-Reels-frameworks-${CONFIGURATION}-output-files.xcfilelist",
			);
			runOnlyForDeploymentPostprocessing = 0;
			shellPath = /bin/sh;
			shellScript = "\"${PODS_ROOT}/Target Support Files/Pods-Reels/Pods-Reels-frameworks.sh\"\n";
			showEnvVarsInLog = 0;
		};
/* End PBXShellScriptBuildPhase section */

/* Begin PBXSourcesBuildPhase section */
		E16D21AC2BA9FE7500CF1BAF /* Sources */ = {
			isa = PBXSourcesBuildPhase;
			buildActionMask = 2147483647;
			files = (
				E16D21CC2BAA042100CF1BAF /* CollectionViewCell.swift in Sources */,
				E16D21B82BA9FE7500CF1BAF /* ViewController.swift in Sources */,
				E16D21B42BA9FE7500CF1BAF /* AppDelegate.swift in Sources */,
				E16D21B62BA9FE7500CF1BAF /* SceneDelegate.swift in Sources */,
				E16D21C82BAA002200CF1BAF /* Model.swift in Sources */,
			);
			runOnlyForDeploymentPostprocessing = 0;
		};
/* End PBXSourcesBuildPhase section */

/* Begin PBXVariantGroup section */
		E16D21B92BA9FE7500CF1BAF /* Main.storyboard */ = {
			isa = PBXVariantGroup;
			children = (
				E16D21BA2BA9FE7500CF1BAF /* Base */,
			);
			name = Main.storyboard;
			sourceTree = "<group>";
		};
		E16D21BE2BA9FE7600CF1BAF /* LaunchScreen.storyboard */ = {
			isa = PBXVariantGroup;
			children = (
				E16D21BF2BA9FE7600CF1BAF /* Base */,
			);
			name = LaunchScreen.storyboard;
			sourceTree = "<group>";
		};
/* End PBXVariantGroup section */

/* Begin XCBuildConfiguration section */
		E16D21C22BA9FE7600CF1BAF /* Debug */ = {
			isa = XCBuildConfiguration;
			buildSettings = {
				ALWAYS_SEARCH_USER_PATHS = NO;
				ASSETCATALOG_COMPILER_GENERATE_SWIFT_ASSET_SYMBOL_EXTENSIONS = YES;
				CLANG_ANALYZER_NONNULL = YES;
				CLANG_ANALYZER_NUMBER_OBJECT_CONVERSION = YES_AGGRESSIVE;
				CLANG_CXX_LANGUAGE_STANDARD = "gnu++20";
				CLANG_ENABLE_MODULES = YES;
				CLANG_ENABLE_OBJC_ARC = YES;
				CLANG_ENABLE_OBJC_WEAK = YES;
				CLANG_WARN_BLOCK_CAPTURE_AUTORELEASING = YES;
				CLANG_WARN_BOOL_CONVERSION = YES;
				CLANG_WARN_COMMA = YES;
				CLANG_WARN_CONSTANT_CONVERSION = YES;
				CLANG_WARN_DEPRECATED_OBJC_IMPLEMENTATIONS = YES;
				CLANG_WARN_DIRECT_OBJC_ISA_USAGE = YES_ERROR;
				CLANG_WARN_DOCUMENTATION_COMMENTS = YES;
				CLANG_WARN_EMPTY_BODY = YES;
				CLANG_WARN_ENUM_CONVERSION = YES;
				CLANG_WARN_INFINITE_RECURSION = YES;
				CLANG_WARN_INT_CONVERSION = YES;
				CLANG_WARN_NON_LITERAL_NULL_CONVERSION = YES;
				CLANG_WARN_OBJC_IMPLICIT_RETAIN_SELF = YES;
				CLANG_WARN_OBJC_LITERAL_CONVERSION = YES;
				CLANG_WARN_OBJC_ROOT_CLASS = YES_ERROR;
				CLANG_WARN_QUOTED_INCLUDE_IN_FRAMEWORK_HEADER = YES;
				CLANG_WARN_RANGE_LOOP_ANALYSIS = YES;
				CLANG_WARN_STRICT_PROTOTYPES = YES;
				CLANG_WARN_SUSPICIOUS_MOVE = YES;
				CLANG_WARN_UNGUARDED_AVAILABILITY = YES_AGGRESSIVE;
				CLANG_WARN_UNREACHABLE_CODE = YES;
				CLANG_WARN__DUPLICATE_METHOD_MATCH = YES;
				COPY_PHASE_STRIP = NO;
				DEBUG_INFORMATION_FORMAT = dwarf;
				ENABLE_STRICT_OBJC_MSGSEND = YES;
				ENABLE_TESTABILITY = YES;
				ENABLE_USER_SCRIPT_SANDBOXING = NO;
				GCC_C_LANGUAGE_STANDARD = gnu17;
				GCC_DYNAMIC_NO_PIC = NO;
				GCC_NO_COMMON_BLOCKS = YES;
				GCC_OPTIMIZATION_LEVEL = 0;
				GCC_PREPROCESSOR_DEFINITIONS = (
					"DEBUG=1",
					"$(inherited)",
				);
				GCC_WARN_64_TO_32_BIT_CONVERSION = YES;
				GCC_WARN_ABOUT_RETURN_TYPE = YES_ERROR;
				GCC_WARN_UNDECLARED_SELECTOR = YES;
				GCC_WARN_UNINITIALIZED_AUTOS = YES_AGGRESSIVE;
				GCC_WARN_UNUSED_FUNCTION = YES;
				GCC_WARN_UNUSED_VARIABLE = YES;
				IPHONEOS_DEPLOYMENT_TARGET = 16.2;
				LOCALIZATION_PREFERS_STRING_CATALOGS = YES;
				MTL_ENABLE_DEBUG_INFO = INCLUDE_SOURCE;
				MTL_FAST_MATH = YES;
				ONLY_ACTIVE_ARCH = YES;
				SDKROOT = iphoneos;
				SWIFT_ACTIVE_COMPILATION_CONDITIONS = "DEBUG $(inherited)";
				SWIFT_OPTIMIZATION_LEVEL = "-Onone";
			};
			name = Debug;
		};
		E16D21C32BA9FE7600CF1BAF /* Release */ = {
			isa = XCBuildConfiguration;
			buildSettings = {
				ALWAYS_SEARCH_USER_PATHS = NO;
				ASSETCATALOG_COMPILER_GENERATE_SWIFT_ASSET_SYMBOL_EXTENSIONS = YES;
				CLANG_ANALYZER_NONNULL = YES;
				CLANG_ANALYZER_NUMBER_OBJECT_CONVERSION = YES_AGGRESSIVE;
				CLANG_CXX_LANGUAGE_STANDARD = "gnu++20";
				CLANG_ENABLE_MODULES = YES;
				CLANG_ENABLE_OBJC_ARC = YES;
				CLANG_ENABLE_OBJC_WEAK = YES;
				CLANG_WARN_BLOCK_CAPTURE_AUTORELEASING = YES;
				CLANG_WARN_BOOL_CONVERSION = YES;
				CLANG_WARN_COMMA = YES;
				CLANG_WARN_CONSTANT_CONVERSION = YES;
				CLANG_WARN_DEPRECATED_OBJC_IMPLEMENTATIONS = YES;
				CLANG_WARN_DIRECT_OBJC_ISA_USAGE = YES_ERROR;
				CLANG_WARN_DOCUMENTATION_COMMENTS = YES;
				CLANG_WARN_EMPTY_BODY = YES;
				CLANG_WARN_ENUM_CONVERSION = YES;
				CLANG_WARN_INFINITE_RECURSION = YES;
				CLANG_WARN_INT_CONVERSION = YES;
				CLANG_WARN_NON_LITERAL_NULL_CONVERSION = YES;
				CLANG_WARN_OBJC_IMPLICIT_RETAIN_SELF = YES;
				CLANG_WARN_OBJC_LITERAL_CONVERSION = YES;
				CLANG_WARN_OBJC_ROOT_CLASS = YES_ERROR;
				CLANG_WARN_QUOTED_INCLUDE_IN_FRAMEWORK_HEADER = YES;
				CLANG_WARN_RANGE_LOOP_ANALYSIS = YES;
				CLANG_WARN_STRICT_PROTOTYPES = YES;
				CLANG_WARN_SUSPICIOUS_MOVE = YES;
				CLANG_WARN_UNGUARDED_AVAILABILITY = YES_AGGRESSIVE;
				CLANG_WARN_UNREACHABLE_CODE = YES;
				CLANG_WARN__DUPLICATE_METHOD_MATCH = YES;
				COPY_PHASE_STRIP = NO;
				DEBUG_INFORMATION_FORMAT = "dwarf-with-dsym";
				ENABLE_NS_ASSERTIONS = NO;
				ENABLE_STRICT_OBJC_MSGSEND = YES;
				ENABLE_USER_SCRIPT_SANDBOXING = NO;
				GCC_C_LANGUAGE_STANDARD = gnu17;
				GCC_NO_COMMON_BLOCKS = YES;
				GCC_WARN_64_TO_32_BIT_CONVERSION = YES;
				GCC_WARN_ABOUT_RETURN_TYPE = YES_ERROR;
				GCC_WARN_UNDECLARED_SELECTOR = YES;
				GCC_WARN_UNINITIALIZED_AUTOS = YES_AGGRESSIVE;
				GCC_WARN_UNUSED_FUNCTION = YES;
				GCC_WARN_UNUSED_VARIABLE = YES;
				IPHONEOS_DEPLOYMENT_TARGET = 16.2;
				LOCALIZATION_PREFERS_STRING_CATALOGS = YES;
				MTL_ENABLE_DEBUG_INFO = NO;
				MTL_FAST_MATH = YES;
				SDKROOT = iphoneos;
				SWIFT_COMPILATION_MODE = wholemodule;
				VALIDATE_PRODUCT = YES;
			};
			name = Release;
		};
		E16D21C52BA9FE7600CF1BAF /* Debug */ = {
			isa = XCBuildConfiguration;
			baseConfigurationReference = BEDC5BC97BDF5ED480AE3880 /* Pods-Reels.debug.xcconfig */;
			buildSettings = {
				ASSETCATALOG_COMPILER_APPICON_NAME = AppIcon;
				ASSETCATALOG_COMPILER_GLOBAL_ACCENT_COLOR_NAME = AccentColor;
				CODE_SIGN_STYLE = Automatic;
				CURRENT_PROJECT_VERSION = 1;
				DEVELOPMENT_TEAM = M36758779V;
				GENERATE_INFOPLIST_FILE = YES;
				INFOPLIST_FILE = Reels/Info.plist;
				INFOPLIST_KEY_UIApplicationSupportsIndirectInputEvents = YES;
				INFOPLIST_KEY_UILaunchStoryboardName = LaunchScreen;
				INFOPLIST_KEY_UIMainStoryboardFile = Main;
				INFOPLIST_KEY_UISupportedInterfaceOrientations_iPad = "UIInterfaceOrientationPortrait UIInterfaceOrientationPortraitUpsideDown UIInterfaceOrientationLandscapeLeft UIInterfaceOrientationLandscapeRight";
				INFOPLIST_KEY_UISupportedInterfaceOrientations_iPhone = "UIInterfaceOrientationPortrait UIInterfaceOrientationLandscapeLeft UIInterfaceOrientationLandscapeRight";
				IPHONEOS_DEPLOYMENT_TARGET = 15.2;
				LD_RUNPATH_SEARCH_PATHS = (
					"$(inherited)",
					"@executable_path/Frameworks",
				);
				MARKETING_VERSION = 1.0;
				PRODUCT_BUNDLE_IDENTIFIER = Com.ITPATH.Reels;
				PRODUCT_NAME = "$(TARGET_NAME)";
				SWIFT_EMIT_LOC_STRINGS = YES;
				SWIFT_VERSION = 5.0;
				TARGETED_DEVICE_FAMILY = "1,2";
			};
			name = Debug;
		};
		E16D21C62BA9FE7600CF1BAF /* Release */ = {
			isa = XCBuildConfiguration;
			baseConfigurationReference = AA44D0B1C55855F16ADE412C /* Pods-Reels.release.xcconfig */;
			buildSettings = {
				ASSETCATALOG_COMPILER_APPICON_NAME = AppIcon;
				ASSETCATALOG_COMPILER_GLOBAL_ACCENT_COLOR_NAME = AccentColor;
				CODE_SIGN_STYLE = Automatic;
				CURRENT_PROJECT_VERSION = 1;
				DEVELOPMENT_TEAM = M36758779V;
				GENERATE_INFOPLIST_FILE = YES;
				INFOPLIST_FILE = Reels/Info.plist;
				INFOPLIST_KEY_UIApplicationSupportsIndirectInputEvents = YES;
				INFOPLIST_KEY_UILaunchStoryboardName = LaunchScreen;
				INFOPLIST_KEY_UIMainStoryboardFile = Main;
				INFOPLIST_KEY_UISupportedInterfaceOrientations_iPad = "UIInterfaceOrientationPortrait UIInterfaceOrientationPortraitUpsideDown UIInterfaceOrientationLandscapeLeft UIInterfaceOrientationLandscapeRight";
				INFOPLIST_KEY_UISupportedInterfaceOrientations_iPhone = "UIInterfaceOrientationPortrait UIInterfaceOrientationLandscapeLeft UIInterfaceOrientationLandscapeRight";
				IPHONEOS_DEPLOYMENT_TARGET = 15.2;
				LD_RUNPATH_SEARCH_PATHS = (
					"$(inherited)",
					"@executable_path/Frameworks",
				);
				MARKETING_VERSION = 1.0;
				PRODUCT_BUNDLE_IDENTIFIER = Com.ITPATH.Reels;
				PRODUCT_NAME = "$(TARGET_NAME)";
				SWIFT_EMIT_LOC_STRINGS = YES;
				SWIFT_VERSION = 5.0;
				TARGETED_DEVICE_FAMILY = "1,2";
			};
			name = Release;
		};
/* End XCBuildConfiguration section */

/* Begin XCConfigurationList section */
		E16D21AB2BA9FE7500CF1BAF /* Build configuration list for PBXProject "Reels" */ = {
			isa = XCConfigurationList;
			buildConfigurations = (
				E16D21C22BA9FE7600CF1BAF /* Debug */,
				E16D21C32BA9FE7600CF1BAF /* Release */,
			);
			defaultConfigurationIsVisible = 0;
			defaultConfigurationName = Release;
		};
		E16D21C42BA9FE7600CF1BAF /* Build configuration list for PBXNativeTarget "Reels" */ = {
			isa = XCConfigurationList;
			buildConfigurations = (
				E16D21C52BA9FE7600CF1BAF /* Debug */,
				E16D21C62BA9FE7600CF1BAF /* Release */,
			);
			defaultConfigurationIsVisible = 0;
			defaultConfigurationName = Release;
		};
/* End XCConfigurationList section */
	};
	rootObject = E16D21A82BA9FE7500CF1BAF /* Project object */;
}
